
Microsoft Visual Studio Solution File, Format Version 12.00
# Visual Studio 15
Project("{FAE04EC0-301F-11D3-BF4B-00C04F79EFBC}") = "id_generator", "id_generator.csproj", "{EE2F464F-F67F-4995-BDF8-C86C8727C503}"
EndProject
Global
	GlobalSection(SolutionConfigurationPlatforms) = preSolution
		Debug|Any CPU = Debug|Any CPU
		Release|Any CPU = Release|Any CPU
	EndGlobalSection
	GlobalSection(ProjectConfigurationPlatforms) = postSolution
		{EE2F464F-F67F-4995-BDF8-C86C8727C503}.Debug|Any CPU.ActiveCfg = Debug|Any CPU
		{EE2F464F-F67F-4995-BDF8-C86C8727C503}.Debug|Any CPU.Build.0 = Debug|Any CPU
		{EE2F464F-F67F-4995-BDF8-C86C8727C503}.Release|Any CPU.ActiveCfg = Release|Any CPU
		{EE2F464F-F67F-4995-BDF8-C86C8727C503}.Release|Any CPU.Build.0 = Release|Any CPU
	EndGlobalSection
EndGlobal
